{
  "nodes": {
    "gumbo": {
      "inputs": {
        "nixpkgs": [
          "nix-claude-drip",
          "nixpkgs"
        ]
      },
      "locked": {
        "lastModified": 1786287864,
        "narHash": "sha256-wOUMZq7AYsEgm6KRmze24FtRGBNxNvq6X9kBK5I5E2s=",
        "owner": "kurisu-agent",
        "repo": "gumbo",
        "rev": "abc95ed974a654ed72c25f25f2cc147f9929e6b1",
        "type": "github"
      },
      "original": {
        "owner": "kurisu-agent",
        "ref": "feat/kart-split",
        "repo": "gumbo",
        "type": "github"
      }
    },
    "herdr": {
      "inputs": {
        "nixpkgs": [
          "nix-claude-drip",
          "nixpkgs"
        ],
        "rust-overlay": "rust-overlay"
      },
      "locked": {
        "lastModified": 1786316128,
        "narHash": "sha256-pPvzytJrCEYhYq7pg3HjO/Nlnir4qJ0MAgGxYGIUdyc=",
        "owner": "herdrdev",
        "repo": "herdr",
        "rev": "f5067ed829ae5743499916b941b2310c50681f29",
        "type": "github"
      },
      "original": {
        "owner": "herdrdev",
        "repo": "herdr",
        "type": "github"
      }
    },
    "herdr-drip": {
      "inputs": {
        "nixpkgs": [
          "nix-claude-drip",
          "nixpkgs"
        ]
      },
      "locked": {
        "lastModified": 1786421331,
        "narHash": "sha256-YCLlnwh4zr3nMp+IV3B+qBDgUQ/5g1XZLuVSsZBOBhw=",
        "ref": "refs/heads/main",
        "rev": "6236e67bbc6ae8f596d5604871981c2f2b73b6b4",
        "revCount": 28,
        "type": "git",
        "url": "https://git.tail6914b3.ts.net/kurisu-agent/herdr-drip"
      },
      "original": {
        "type": "git",
        "url": "https://git.tail6914b3.ts.net/kurisu-agent/herdr-drip"
      }
    },
    "nix-claude-drip": {
      "inputs": {
        "gumbo": "gumbo",
        "herdr": "herdr",
        "herdr-drip": "herdr-drip",
        "nixpkgs": [
          "nixpkgs"
        ]
      },
      "locked": {
        "lastModified": 1786441508,
        "narHash": "sha256-8y8ZrXPbY+9gQ6AWuEGvRNnCO1+VW6XAW5L6UbRryp4=",
        "ref": "refs/heads/main",
        "rev": "9580fc8517b45d02fa9d16105fb9df556c854cbf",
        "revCount": 42,
        "type": "git",
        "url": "https://git.tail6914b3.ts.net/kurisu-agent/nix-claude-drip"
      },
      "original": {
        "type": "git",
        "url": "https://git.tail6914b3.ts.net/kurisu-agent/nix-claude-drip"
      }
    },
    "nixpkgs": {
      "locked": {
        "lastModified": 1777268161,
        "narHash": "sha256-bxrdOn8SCOv8tN4JbTF/TXq7kjo9ag4M+C8yzzIRYbE=",
        "owner": "NixOS",
        "repo": "nixpkgs",
        "rev": "1c3fe55ad329cbcb28471bb30f05c9827f724c76",
        "type": "github"
      },
      "original": {
        "owner": "NixOS",
        "ref": "nixos-unstable",
        "repo": "nixpkgs",
        "type": "github"
      }
    },
    "root": {
      "inputs": {
        "nix-claude-drip": "nix-claude-drip",
        "nixpkgs": "nixpkgs"
      }
    },
    "rust-overlay": {
      "inputs": {
        "nixpkgs": [
          "nix-claude-drip",
          "herdr",
          "nixpkgs"
        ]
      },
      "locked": {
        "lastModified": 1783577481,
        "narHash": "sha256-EWMxOWrJ031f8f/lrcEmhTRs4npw1/5N3Hcjin846c8=",
        "owner": "oxalica",
        "repo": "rust-overlay",
        "rev": "4cdea398dc491b082dccdce0fad1ed0b75fa3394",
        "type": "github"
      },
      "original": {
        "owner": "oxalica",
        "repo": "rust-overlay",
        "type": "github"
      }
    }
  },
  "root": "root",
  "version": 7
}
