{
  "nodes": {
    "gumbo": {
      "inputs": {
        "nixpkgs": [
          "nix-claude-drip",
          "nixpkgs"
        ]
      },
      "locked": {
        "lastModified": 1786850927,
        "narHash": "sha256-e1RTvf5fvqMjLcX5Gbxqeu5FmVnEy6MhKWRbzbKmPgw=",
        "owner": "kurisu-agent",
        "repo": "gumbo",
        "rev": "37f2f8f0f3506d57c5be62e3c58ea5ae919c53ac",
        "type": "github"
      },
      "original": {
        "owner": "kurisu-agent",
        "repo": "gumbo",
        "type": "github"
      }
    },
    "herdr": {
      "inputs": {
        "nixpkgs": [
          "nix-claude-drip",
          "nixpkgs"
        ],
        "rust-overlay": "rust-overlay"
      },
      "locked": {
        "lastModified": 1786831869,
        "narHash": "sha256-ALhahxbdgnN8rMvlKmgB5py0etICwyYY75Uz0jLIpM4=",
        "owner": "herdrdev",
        "repo": "herdr",
        "rev": "51b7064ef0a02642393bab1d2eea0f4dbd8414d2",
        "type": "github"
      },
      "original": {
        "owner": "herdrdev",
        "repo": "herdr",
        "type": "github"
      }
    },
    "herdr-drip": {
      "inputs": {
        "nixpkgs": [
          "nix-claude-drip",
          "nixpkgs"
        ]
      },
      "locked": {
        "lastModified": 1786854483,
        "narHash": "sha256-3U2WEYBx84R7v8QG2ekWfH4ts5j8GTWzxUVGwAgz6+o=",
        "owner": "kurisu-agent",
        "repo": "herdr-drip",
        "rev": "67429fcfa65dd12a5051071a262bae4c87574124",
        "type": "github"
      },
      "original": {
        "owner": "kurisu-agent",
        "repo": "herdr-drip",
        "type": "github"
      }
    },
    "nix-claude-drip": {
      "inputs": {
        "gumbo": "gumbo",
        "herdr": "herdr",
        "herdr-drip": "herdr-drip",
        "nixpkgs": [
          "nixpkgs"
        ]
      },
      "locked": {
        "lastModified": 1786856705,
        "narHash": "sha256-xFpDcABV17QxWMeX/OQ2Qv/8lT6EJXz9j2h9M9I7mSo=",
        "owner": "kurisu-agent",
        "repo": "nix-claude-drip",
        "rev": "2650f9a68f7dda5260a650cffacc538913781c13",
        "type": "github"
      },
      "original": {
        "owner": "kurisu-agent",
        "repo": "nix-claude-drip",
        "type": "github"
      }
    },
    "nixpkgs": {
      "locked": {
        "lastModified": 1777268161,
        "narHash": "sha256-bxrdOn8SCOv8tN4JbTF/TXq7kjo9ag4M+C8yzzIRYbE=",
        "owner": "NixOS",
        "repo": "nixpkgs",
        "rev": "1c3fe55ad329cbcb28471bb30f05c9827f724c76",
        "type": "github"
      },
      "original": {
        "owner": "NixOS",
        "ref": "nixos-unstable",
        "repo": "nixpkgs",
        "type": "github"
      }
    },
    "root": {
      "inputs": {
        "nix-claude-drip": "nix-claude-drip",
        "nixpkgs": "nixpkgs"
      }
    },
    "rust-overlay": {
      "inputs": {
        "nixpkgs": [
          "nix-claude-drip",
          "herdr",
          "nixpkgs"
        ]
      },
      "locked": {
        "lastModified": 1783577481,
        "narHash": "sha256-EWMxOWrJ031f8f/lrcEmhTRs4npw1/5N3Hcjin846c8=",
        "owner": "oxalica",
        "repo": "rust-overlay",
        "rev": "4cdea398dc491b082dccdce0fad1ed0b75fa3394",
        "type": "github"
      },
      "original": {
        "owner": "oxalica",
        "repo": "rust-overlay",
        "type": "github"
      }
    }
  },
  "root": "root",
  "version": 7
}
