{
  "nodes": {
    "gumbo": {
      "inputs": {
        "nixpkgs": [
          "nix-claude-drip",
          "nixpkgs"
        ]
      },
      "locked": {
        "lastModified": 1786850927,
        "narHash": "sha256-e1RTvf5fvqMjLcX5Gbxqeu5FmVnEy6MhKWRbzbKmPgw=",
        "owner": "kurisu-agent",
        "repo": "gumbo",
        "rev": "37f2f8f0f3506d57c5be62e3c58ea5ae919c53ac",
        "type": "github"
      },
      "original": {
        "owner": "kurisu-agent",
        "repo": "gumbo",
        "type": "github"
      }
    },
    "herdr": {
      "inputs": {
        "nixpkgs": [
          "nix-claude-drip",
          "nixpkgs"
        ],
        "rust-overlay": "rust-overlay"
      },
      "locked": {
        "lastModified": 1786831869,
        "narHash": "sha256-ALhahxbdgnN8rMvlKmgB5py0etICwyYY75Uz0jLIpM4=",
        "owner": "herdrdev",
        "repo": "herdr",
        "rev": "51b7064ef0a02642393bab1d2eea0f4dbd8414d2",
        "type": "github"
      },
      "original": {
        "owner": "herdrdev",
        "repo": "herdr",
        "type": "github"
      }
    },
    "herdr-drip": {
      "inputs": {
        "nixpkgs": [
          "nix-claude-drip",
          "nixpkgs"
        ]
      },
      "locked": {
        "lastModified": 1786859711,
        "narHash": "sha256-IbmI57XluDZegKXhKTwvyP9uHe31+d8yMQ95F52wPbU=",
        "owner": "kurisu-agent",
        "repo": "herdr-drip",
        "rev": "c65470a3b7c4673c036d391a2ac40f53e633ebe0",
        "type": "github"
      },
      "original": {
        "owner": "kurisu-agent",
        "repo": "herdr-drip",
        "type": "github"
      }
    },
    "nix-claude-drip": {
      "inputs": {
        "gumbo": "gumbo",
        "herdr": "herdr",
        "herdr-drip": "herdr-drip",
        "nixpkgs": [
          "nixpkgs"
        ]
      },
      "locked": {
        "lastModified": 1786860011,
        "narHash": "sha256-iALH/fiQaPRKuLr0HWDNZjzXjyEkQ/C9Cb8ZkemGGec=",
        "owner": "kurisu-agent",
        "repo": "nix-claude-drip",
        "rev": "2f8f3584828620f1613f42975a08d22e68202bef",
        "type": "github"
      },
      "original": {
        "owner": "kurisu-agent",
        "repo": "nix-claude-drip",
        "type": "github"
      }
    },
    "nixpkgs": {
      "locked": {
        "lastModified": 1777268161,
        "narHash": "sha256-bxrdOn8SCOv8tN4JbTF/TXq7kjo9ag4M+C8yzzIRYbE=",
        "owner": "NixOS",
        "repo": "nixpkgs",
        "rev": "1c3fe55ad329cbcb28471bb30f05c9827f724c76",
        "type": "github"
      },
      "original": {
        "owner": "NixOS",
        "ref": "nixos-unstable",
        "repo": "nixpkgs",
        "type": "github"
      }
    },
    "root": {
      "inputs": {
        "nix-claude-drip": "nix-claude-drip",
        "nixpkgs": "nixpkgs"
      }
    },
    "rust-overlay": {
      "inputs": {
        "nixpkgs": [
          "nix-claude-drip",
          "herdr",
          "nixpkgs"
        ]
      },
      "locked": {
        "lastModified": 1783577481,
        "narHash": "sha256-EWMxOWrJ031f8f/lrcEmhTRs4npw1/5N3Hcjin846c8=",
        "owner": "oxalica",
        "repo": "rust-overlay",
        "rev": "4cdea398dc491b082dccdce0fad1ed0b75fa3394",
        "type": "github"
      },
      "original": {
        "owner": "oxalica",
        "repo": "rust-overlay",
        "type": "github"
      }
    }
  },
  "root": "root",
  "version": 7
}
